
Microsoft Visual Studio Solution File, Format Version 12.00
# Visual Studio Version 17
VisualStudioVersion = 17.14.36414.22 d17.14
MinimumVisualStudioVersion = 10.0.40219.1
Project("{FAE04EC0-301F-11D3-BF4B-00C04F79EFBC}") = "Quản lý điểm sinh viên", "Quản lý điểm sinh viên\Quản lý điểm sinh viên.csproj", "{BE1514E9-3C7B-4AEA-94F4-B4FDE4FA1A57}"
EndProject
Global
	GlobalSection(SolutionConfigurationPlatforms) = preSolution
		Debug|Any CPU = Debug|Any CPU
		Release|Any CPU = Release|Any CPU
	EndGlobalSection
	GlobalSection(ProjectConfigurationPlatforms) = postSolution
		{BE1514E9-3C7B-4AEA-94F4-B4FDE4FA1A57}.Debug|Any CPU.ActiveCfg = Debug|Any CPU
		{BE1514E9-3C7B-4AEA-94F4-B4FDE4FA1A57}.Debug|Any CPU.Build.0 = Debug|Any CPU
		{BE1514E9-3C7B-4AEA-94F4-B4FDE4FA1A57}.Release|Any CPU.ActiveCfg = Release|Any CPU
		{BE1514E9-3C7B-4AEA-94F4-B4FDE4FA1A57}.Release|Any CPU.Build.0 = Release|Any CPU
	EndGlobalSection
	GlobalSection(SolutionProperties) = preSolution
		HideSolutionNode = FALSE
	EndGlobalSection
	GlobalSection(ExtensibilityGlobals) = postSolution
		SolutionGuid = {E5858D32-92EE-4C66-911D-CBE3DCBAB796}
	EndGlobalSection
EndGlobal
